
Microsoft Visual Studio Solution File, Format Version 12.00
# Visual Studio Version 16
VisualStudioVersion = 16.0.30114.105
MinimumVisualStudioVersion = 10.0.40219.1
Project("{FAE04EC0-301F-11D3-BF4B-00C04F79EFBC}") = "Movies.API", "src\Movies.API\Movies.API.csproj", "{39231CA2-276F-44C7-86AE-FF01A0DFD854}"
EndProject
Project("{2150E333-8FDC-42A3-9474-1A3956D46DE8}") = "MoviesAPI", "MoviesAPI", "{91D927FC-2DB2-47D1-9E98-FCBAF62A8BA8}"
EndProject
Project("{2150E333-8FDC-42A3-9474-1A3956D46DE8}") = "Presentation", "Presentation", "{5F281D74-20BA-4052-B649-78FEB9A83B7A}"
EndProject
Project("{2150E333-8FDC-42A3-9474-1A3956D46DE8}") = "Http", "Http", "{994AF305-6ACA-4663-B96F-B29D476CCF65}"
EndProject
Project("{2150E333-8FDC-42A3-9474-1A3956D46DE8}") = "Application", "Application", "{EAB5CBE4-27BE-40C1-B99E-B12CC41D00BE}"
EndProject
Project("{FAE04EC0-301F-11D3-BF4B-00C04F79EFBC}") = "Movies.Application.Models", "src\Movies.Application.Models\Movies.Application.Models.csproj", "{D9E90CAA-7641-4F55-B821-F65CCD014205}"
EndProject
Project("{2150E333-8FDC-42A3-9474-1A3956D46DE8}") = "Infrastructure", "Infrastructure", "{FDB560A9-0E0B-4931-9DFF-0FF7DD161AAA}"
EndProject
Project("{FAE04EC0-301F-11D3-BF4B-00C04F79EFBC}") = "Movies.Infrastructure.Data", "src\Movies.Infrastructure.Data\Movies.Infrastructure.Data.csproj", "{064FEFF3-03E6-4A47-910C-6DBF5AA21FE0}"
EndProject
Project("{2150E333-8FDC-42A3-9474-1A3956D46DE8}") = "Domain", "Domain", "{35A1DB7E-EBFD-4E1C-AFFF-509865BF5437}"
EndProject
Project("{FAE04EC0-301F-11D3-BF4B-00C04F79EFBC}") = "Movies.Domain.Models", "src\Movies.Domain.Models\Movies.Domain.Models.csproj", "{68AD0663-0C31-4272-A160-53E1BC3CA16F}"
EndProject
Project("{FAE04EC0-301F-11D3-BF4B-00C04F79EFBC}") = "Movies.Domain.Services", "src\Movies.Domain.Services\Movies.Domain.Services.csproj", "{90479663-6791-474C-BE6E-B834B259D905}"
EndProject
Project("{FAE04EC0-301F-11D3-BF4B-00C04F79EFBC}") = "Movies.Application", "src\Movies.Application\Movies.Application.csproj", "{0AC5EF5A-2333-4F30-90EF-B4F4B110FE85}"
EndProject
Project("{FAE04EC0-301F-11D3-BF4B-00C04F79EFBC}") = "Movies.Infrastructure.Cryptography", "src\Movies.Infrastructure.Cryptography\Movies.Infrastructure.Cryptography.csproj", "{3D7941E8-FD2B-467A-AD5B-CFA02CACEE8C}"
EndProject
Global
	GlobalSection(SolutionConfigurationPlatforms) = preSolution
		Debug|Any CPU = Debug|Any CPU
		Release|Any CPU = Release|Any CPU
	EndGlobalSection
	GlobalSection(SolutionProperties) = preSolution
		HideSolutionNode = FALSE
	EndGlobalSection
	GlobalSection(ProjectConfigurationPlatforms) = postSolution
		{39231CA2-276F-44C7-86AE-FF01A0DFD854}.Debug|Any CPU.ActiveCfg = Debug|Any CPU
		{39231CA2-276F-44C7-86AE-FF01A0DFD854}.Debug|Any CPU.Build.0 = Debug|Any CPU
		{39231CA2-276F-44C7-86AE-FF01A0DFD854}.Release|Any CPU.ActiveCfg = Release|Any CPU
		{39231CA2-276F-44C7-86AE-FF01A0DFD854}.Release|Any CPU.Build.0 = Release|Any CPU
		{D9E90CAA-7641-4F55-B821-F65CCD014205}.Debug|Any CPU.ActiveCfg = Debug|Any CPU
		{D9E90CAA-7641-4F55-B821-F65CCD014205}.Debug|Any CPU.Build.0 = Debug|Any CPU
		{D9E90CAA-7641-4F55-B821-F65CCD014205}.Release|Any CPU.ActiveCfg = Release|Any CPU
		{D9E90CAA-7641-4F55-B821-F65CCD014205}.Release|Any CPU.Build.0 = Release|Any CPU
		{064FEFF3-03E6-4A47-910C-6DBF5AA21FE0}.Debug|Any CPU.ActiveCfg = Debug|Any CPU
		{064FEFF3-03E6-4A47-910C-6DBF5AA21FE0}.Debug|Any CPU.Build.0 = Debug|Any CPU
		{064FEFF3-03E6-4A47-910C-6DBF5AA21FE0}.Release|Any CPU.ActiveCfg = Release|Any CPU
		{064FEFF3-03E6-4A47-910C-6DBF5AA21FE0}.Release|Any CPU.Build.0 = Release|Any CPU
		{68AD0663-0C31-4272-A160-53E1BC3CA16F}.Debug|Any CPU.ActiveCfg = Debug|Any CPU
		{68AD0663-0C31-4272-A160-53E1BC3CA16F}.Debug|Any CPU.Build.0 = Debug|Any CPU
		{68AD0663-0C31-4272-A160-53E1BC3CA16F}.Release|Any CPU.ActiveCfg = Release|Any CPU
		{68AD0663-0C31-4272-A160-53E1BC3CA16F}.Release|Any CPU.Build.0 = Release|Any CPU
		{90479663-6791-474C-BE6E-B834B259D905}.Debug|Any CPU.ActiveCfg = Debug|Any CPU
		{90479663-6791-474C-BE6E-B834B259D905}.Debug|Any CPU.Build.0 = Debug|Any CPU
		{90479663-6791-474C-BE6E-B834B259D905}.Release|Any CPU.ActiveCfg = Release|Any CPU
		{90479663-6791-474C-BE6E-B834B259D905}.Release|Any CPU.Build.0 = Release|Any CPU
		{0AC5EF5A-2333-4F30-90EF-B4F4B110FE85}.Debug|Any CPU.ActiveCfg = Debug|Any CPU
		{0AC5EF5A-2333-4F30-90EF-B4F4B110FE85}.Debug|Any CPU.Build.0 = Debug|Any CPU
		{0AC5EF5A-2333-4F30-90EF-B4F4B110FE85}.Release|Any CPU.ActiveCfg = Release|Any CPU
		{0AC5EF5A-2333-4F30-90EF-B4F4B110FE85}.Release|Any CPU.Build.0 = Release|Any CPU
		{3D7941E8-FD2B-467A-AD5B-CFA02CACEE8C}.Debug|Any CPU.ActiveCfg = Debug|Any CPU
		{3D7941E8-FD2B-467A-AD5B-CFA02CACEE8C}.Debug|Any CPU.Build.0 = Debug|Any CPU
		{3D7941E8-FD2B-467A-AD5B-CFA02CACEE8C}.Release|Any CPU.ActiveCfg = Release|Any CPU
		{3D7941E8-FD2B-467A-AD5B-CFA02CACEE8C}.Release|Any CPU.Build.0 = Release|Any CPU
	EndGlobalSection
	GlobalSection(NestedProjects) = preSolution
		{39231CA2-276F-44C7-86AE-FF01A0DFD854} = {994AF305-6ACA-4663-B96F-B29D476CCF65}
		{5F281D74-20BA-4052-B649-78FEB9A83B7A} = {91D927FC-2DB2-47D1-9E98-FCBAF62A8BA8}
		{994AF305-6ACA-4663-B96F-B29D476CCF65} = {5F281D74-20BA-4052-B649-78FEB9A83B7A}
		{EAB5CBE4-27BE-40C1-B99E-B12CC41D00BE} = {91D927FC-2DB2-47D1-9E98-FCBAF62A8BA8}
		{D9E90CAA-7641-4F55-B821-F65CCD014205} = {EAB5CBE4-27BE-40C1-B99E-B12CC41D00BE}
		{FDB560A9-0E0B-4931-9DFF-0FF7DD161AAA} = {91D927FC-2DB2-47D1-9E98-FCBAF62A8BA8}
		{064FEFF3-03E6-4A47-910C-6DBF5AA21FE0} = {FDB560A9-0E0B-4931-9DFF-0FF7DD161AAA}
		{35A1DB7E-EBFD-4E1C-AFFF-509865BF5437} = {91D927FC-2DB2-47D1-9E98-FCBAF62A8BA8}
		{68AD0663-0C31-4272-A160-53E1BC3CA16F} = {35A1DB7E-EBFD-4E1C-AFFF-509865BF5437}
		{90479663-6791-474C-BE6E-B834B259D905} = {35A1DB7E-EBFD-4E1C-AFFF-509865BF5437}
		{0AC5EF5A-2333-4F30-90EF-B4F4B110FE85} = {EAB5CBE4-27BE-40C1-B99E-B12CC41D00BE}
		{3D7941E8-FD2B-467A-AD5B-CFA02CACEE8C} = {FDB560A9-0E0B-4931-9DFF-0FF7DD161AAA}
	EndGlobalSection
EndGlobal
