
Microsoft Visual Studio Solution File, Format Version 12.00
# Visual Studio Version 16
VisualStudioVersion = 16.0.30114.105
MinimumVisualStudioVersion = 10.0.40219.1
Project("{FAE04EC0-301F-11D3-BF4B-00C04F79EFBC}") = "Movies.API", "src\Movies.API\Movies.API.csproj", "{39231CA2-276F-44C7-86AE-FF01A0DFD854}"
EndProject
Project("{2150E333-8FDC-42A3-9474-1A3956D46DE8}") = "src", "src", "{91D927FC-2DB2-47D1-9E98-FCBAF62A8BA8}"
EndProject
Project("{2150E333-8FDC-42A3-9474-1A3956D46DE8}") = "Presentation", "Presentation", "{5F281D74-20BA-4052-B649-78FEB9A83B7A}"
EndProject
Project("{2150E333-8FDC-42A3-9474-1A3956D46DE8}") = "Http", "Http", "{994AF305-6ACA-4663-B96F-B29D476CCF65}"
EndProject
Project("{2150E333-8FDC-42A3-9474-1A3956D46DE8}") = "Application", "Application", "{EAB5CBE4-27BE-40C1-B99E-B12CC41D00BE}"
EndProject
Project("{FAE04EC0-301F-11D3-BF4B-00C04F79EFBC}") = "Movies.Application.Models", "src\Movies.Application.Models\Movies.Application.Models.csproj", "{D9E90CAA-7641-4F55-B821-F65CCD014205}"
EndProject
Global
	GlobalSection(SolutionConfigurationPlatforms) = preSolution
		Debug|Any CPU = Debug|Any CPU
		Release|Any CPU = Release|Any CPU
	EndGlobalSection
	GlobalSection(SolutionProperties) = preSolution
		HideSolutionNode = FALSE
	EndGlobalSection
	GlobalSection(ProjectConfigurationPlatforms) = postSolution
		{39231CA2-276F-44C7-86AE-FF01A0DFD854}.Debug|Any CPU.ActiveCfg = Debug|Any CPU
		{39231CA2-276F-44C7-86AE-FF01A0DFD854}.Debug|Any CPU.Build.0 = Debug|Any CPU
		{39231CA2-276F-44C7-86AE-FF01A0DFD854}.Release|Any CPU.ActiveCfg = Release|Any CPU
		{39231CA2-276F-44C7-86AE-FF01A0DFD854}.Release|Any CPU.Build.0 = Release|Any CPU
		{D9E90CAA-7641-4F55-B821-F65CCD014205}.Debug|Any CPU.ActiveCfg = Debug|Any CPU
		{D9E90CAA-7641-4F55-B821-F65CCD014205}.Debug|Any CPU.Build.0 = Debug|Any CPU
		{D9E90CAA-7641-4F55-B821-F65CCD014205}.Release|Any CPU.ActiveCfg = Release|Any CPU
		{D9E90CAA-7641-4F55-B821-F65CCD014205}.Release|Any CPU.Build.0 = Release|Any CPU
	EndGlobalSection
	GlobalSection(NestedProjects) = preSolution
		{39231CA2-276F-44C7-86AE-FF01A0DFD854} = {994AF305-6ACA-4663-B96F-B29D476CCF65}
		{5F281D74-20BA-4052-B649-78FEB9A83B7A} = {91D927FC-2DB2-47D1-9E98-FCBAF62A8BA8}
		{994AF305-6ACA-4663-B96F-B29D476CCF65} = {5F281D74-20BA-4052-B649-78FEB9A83B7A}
		{EAB5CBE4-27BE-40C1-B99E-B12CC41D00BE} = {91D927FC-2DB2-47D1-9E98-FCBAF62A8BA8}
		{D9E90CAA-7641-4F55-B821-F65CCD014205} = {EAB5CBE4-27BE-40C1-B99E-B12CC41D00BE}
	EndGlobalSection
EndGlobal
